// !$*UTF8*$!
{
	archiveVersion = 1;
	classes = {
	};
	objectVersion = 51;
	objects = {

/* Begin PBXBuildFile section */
		469B3B27C906E58386E9A32F /* Pods_RuneScapeCombatLevelCalculator.framework in Frameworks */ = {isa = PBXBuildFile; fileRef = 7C982D57F1D0BD67720FDBA3 /* Pods_RuneScapeCombatLevelCalculator.framework */; };
		4912D909F341518DC96B08E2 /* Pods_RuneScapeCombatLevelCalculator_RuneScapeCombatLevelCalculatorUITests.framework in Frameworks */ = {isa = PBXBuildFile; fileRef = E688D9C69C0471C211CA8B32 /* Pods_RuneScapeCombatLevelCalculator_RuneScapeCombatLevelCalculatorUITests.framework */; };
		6EACC2AB24A442B8003AE1DA /* AppDelegate.swift in Sources */ = {isa = PBXBuildFile; fileRef = 6EACC2AA24A442B8003AE1DA /* AppDelegate.swift */; };
		6EACC2AD24A442B8003AE1DA /* SceneDelegate.swift in Sources */ = {isa = PBXBuildFile; fileRef = 6EACC2AC24A442B8003AE1DA /* SceneDelegate.swift */; };
		6EACC2AF24A442B8003AE1DA /* RSCombatLevelCalculatorViewController.swift in Sources */ = {isa = PBXBuildFile; fileRef = 6EACC2AE24A442B8003AE1DA /* RSCombatLevelCalculatorViewController.swift */; };
		6EACC2B224A442B8003AE1DA /* Main.storyboard in Resources */ = {isa = PBXBuildFile; fileRef = 6EACC2B024A442B8003AE1DA /* Main.storyboard */; };
		6EACC2B424A442BA003AE1DA /* Assets.xcassets in Resources */ = {isa = PBXBuildFile; fileRef = 6EACC2B324A442BA003AE1DA /* Assets.xcassets */; };
		6EACC2B724A442BA003AE1DA /* LaunchScreen.storyboard in Resources */ = {isa = PBXBuildFile; fileRef = 6EACC2B524A442BA003AE1DA /* LaunchScreen.storyboard */; };
		6EACC2C224A442BA003AE1DA /* RuneScapeCombatLevelCalculatorTests.swift in Sources */ = {isa = PBXBuildFile; fileRef = 6EACC2C124A442BA003AE1DA /* RuneScapeCombatLevelCalculatorTests.swift */; };
		6EACC2CD24A442BA003AE1DA /* RuneScapeCombatLevelCalculatorUITests.swift in Sources */ = {isa = PBXBuildFile; fileRef = 6EACC2CC24A442BA003AE1DA /* RuneScapeCombatLevelCalculatorUITests.swift */; };
		6EB306A324FF4B7F00B7BDE0 /* UIColor+Hex.swift in Sources */ = {isa = PBXBuildFile; fileRef = 6EB306A224FF4B7F00B7BDE0 /* UIColor+Hex.swift */; };
		CDEF1C0238E74DCA0229A5A8 /* Pods_RuneScapeCombatLevelCalculatorTests.framework in Frameworks */ = {isa = PBXBuildFile; fileRef = 2080FF7CE813310C96C3F9A2 /* Pods_RuneScapeCombatLevelCalculatorTests.framework */; };
/* End PBXBuildFile section */

/* Begin PBXContainerItemProxy section */
		6EACC2BE24A442BA003AE1DA /* PBXContainerItemProxy */ = {
			isa = PBXContainerItemProxy;
			containerPortal = 6EACC29F24A442B8003AE1DA /* Project object */;
			proxyType = 1;
			remoteGlobalIDString = 6EACC2A624A442B8003AE1DA;
			remoteInfo = "Runescape 3 Tools";
		};
		6EACC2C924A442BA003AE1DA /* PBXContainerItemProxy */ = {
			isa = PBXContainerItemProxy;
			containerPortal = 6EACC29F24A442B8003AE1DA /* Project object */;
			proxyType = 1;
			remoteGlobalIDString = 6EACC2A624A442B8003AE1DA;
			remoteInfo = "Runescape 3 Tools";
		};
/* End PBXContainerItemProxy section */

/* Begin PBXFileReference section */
		023C8961CFC5AF8C4C0198F7 /* Pods-RuneScapeCombatLevelCalculator.debug.xcconfig */ = {isa = PBXFileReference; includeInIndex = 1; lastKnownFileType = text.xcconfig; name = "Pods-RuneScapeCombatLevelCalculator.debug.xcconfig"; path = "Target Support Files/Pods-RuneScapeCombatLevelCalculator/Pods-RuneScapeCombatLevelCalculator.debug.xcconfig"; sourceTree = "<group>"; };
		10CE12C3DAF6309B787BD7B1 /* Pods-RuneScapeCombatLevelCalculator-Runescape 3 ToolsUITests.release.xcconfig */ = {isa = PBXFileReference; includeInIndex = 1; lastKnownFileType = text.xcconfig; name = "Pods-RuneScapeCombatLevelCalculator-Runescape 3 ToolsUITests.release.xcconfig"; path = "Target Support Files/Pods-RuneScapeCombatLevelCalculator-Runescape 3 ToolsUITests/Pods-RuneScapeCombatLevelCalculator-Runescape 3 ToolsUITests.release.xcconfig"; sourceTree = "<group>"; };
		13564797ED8DB459CD6FBB45 /* Pods-Runescape 3 Tools-Runescape 3 ToolsUITests.debug.xcconfig */ = {isa = PBXFileReference; includeInIndex = 1; lastKnownFileType = text.xcconfig; name = "Pods-Runescape 3 Tools-Runescape 3 ToolsUITests.debug.xcconfig"; path = "Target Support Files/Pods-Runescape 3 Tools-Runescape 3 ToolsUITests/Pods-Runescape 3 Tools-Runescape 3 ToolsUITests.debug.xcconfig"; sourceTree = "<group>"; };
		2080FF7CE813310C96C3F9A2 /* Pods_RuneScapeCombatLevelCalculatorTests.framework */ = {isa = PBXFileReference; explicitFileType = wrapper.framework; includeInIndex = 0; path = Pods_RuneScapeCombatLevelCalculatorTests.framework; sourceTree = BUILT_PRODUCTS_DIR; };
		2F519D803A58C8A0743C152B /* Pods-Runescape 3 ToolsTests.debug.xcconfig */ = {isa = PBXFileReference; includeInIndex = 1; lastKnownFileType = text.xcconfig; name = "Pods-Runescape 3 ToolsTests.debug.xcconfig"; path = "Target Support Files/Pods-Runescape 3 ToolsTests/Pods-Runescape 3 ToolsTests.debug.xcconfig"; sourceTree = "<group>"; };
		439B3C94817800E27FC92A08 /* Pods-Runescape 3 Tools.release.xcconfig */ = {isa = PBXFileReference; includeInIndex = 1; lastKnownFileType = text.xcconfig; name = "Pods-Runescape 3 Tools.release.xcconfig"; path = "Target Support Files/Pods-Runescape 3 Tools/Pods-Runescape 3 Tools.release.xcconfig"; sourceTree = "<group>"; };
		44C51AB6AC15206F6A8B0DA0 /* Pods-RuneScapeCombatLevelCalculatorTests.release.xcconfig */ = {isa = PBXFileReference; includeInIndex = 1; lastKnownFileType = text.xcconfig; name = "Pods-RuneScapeCombatLevelCalculatorTests.release.xcconfig"; path = "Target Support Files/Pods-RuneScapeCombatLevelCalculatorTests/Pods-RuneScapeCombatLevelCalculatorTests.release.xcconfig"; sourceTree = "<group>"; };
		6EACC2A724A442B8003AE1DA /* RuneScapeCombatLevelCalculator.app */ = {isa = PBXFileReference; explicitFileType = wrapper.application; includeInIndex = 0; path = RuneScapeCombatLevelCalculator.app; sourceTree = BUILT_PRODUCTS_DIR; };
		6EACC2AA24A442B8003AE1DA /* AppDelegate.swift */ = {isa = PBXFileReference; lastKnownFileType = sourcecode.swift; path = AppDelegate.swift; sourceTree = "<group>"; };
		6EACC2AC24A442B8003AE1DA /* SceneDelegate.swift */ = {isa = PBXFileReference; lastKnownFileType = sourcecode.swift; path = SceneDelegate.swift; sourceTree = "<group>"; };
		6EACC2AE24A442B8003AE1DA /* RSCombatLevelCalculatorViewController.swift */ = {isa = PBXFileReference; lastKnownFileType = sourcecode.swift; path = RSCombatLevelCalculatorViewController.swift; sourceTree = "<group>"; };
		6EACC2B124A442B8003AE1DA /* Base */ = {isa = PBXFileReference; lastKnownFileType = file.storyboard; name = Base; path = Base.lproj/Main.storyboard; sourceTree = "<group>"; };
		6EACC2B324A442BA003AE1DA /* Assets.xcassets */ = {isa = PBXFileReference; lastKnownFileType = folder.assetcatalog; path = Assets.xcassets; sourceTree = "<group>"; };
		6EACC2B624A442BA003AE1DA /* Base */ = {isa = PBXFileReference; lastKnownFileType = file.storyboard; name = Base; path = Base.lproj/LaunchScreen.storyboard; sourceTree = "<group>"; };
		6EACC2B824A442BA003AE1DA /* Info.plist */ = {isa = PBXFileReference; lastKnownFileType = text.plist.xml; path = Info.plist; sourceTree = "<group>"; };
		6EACC2BD24A442BA003AE1DA /* RuneScapeCombatLevelCalculatorTests.xctest */ = {isa = PBXFileReference; explicitFileType = wrapper.cfbundle; includeInIndex = 0; path = RuneScapeCombatLevelCalculatorTests.xctest; sourceTree = BUILT_PRODUCTS_DIR; };
		6EACC2C124A442BA003AE1DA /* RuneScapeCombatLevelCalculatorTests.swift */ = {isa = PBXFileReference; lastKnownFileType = sourcecode.swift; path = RuneScapeCombatLevelCalculatorTests.swift; sourceTree = "<group>"; };
		6EACC2C324A442BA003AE1DA /* Info.plist */ = {isa = PBXFileReference; lastKnownFileType = text.plist.xml; path = Info.plist; sourceTree = "<group>"; };
		6EACC2C824A442BA003AE1DA /* RuneScapeCombatLevelCalculatorUITests.xctest */ = {isa = PBXFileReference; explicitFileType = wrapper.cfbundle; includeInIndex = 0; path = RuneScapeCombatLevelCalculatorUITests.xctest; sourceTree = BUILT_PRODUCTS_DIR; };
		6EACC2CC24A442BA003AE1DA /* RuneScapeCombatLevelCalculatorUITests.swift */ = {isa = PBXFileReference; lastKnownFileType = sourcecode.swift; path = RuneScapeCombatLevelCalculatorUITests.swift; sourceTree = "<group>"; };
		6EACC2CE24A442BA003AE1DA /* Info.plist */ = {isa = PBXFileReference; lastKnownFileType = text.plist.xml; path = Info.plist; sourceTree = "<group>"; };
		6EB306A224FF4B7F00B7BDE0 /* UIColor+Hex.swift */ = {isa = PBXFileReference; lastKnownFileType = sourcecode.swift; path = "UIColor+Hex.swift"; sourceTree = "<group>"; };
		7C982D57F1D0BD67720FDBA3 /* Pods_RuneScapeCombatLevelCalculator.framework */ = {isa = PBXFileReference; explicitFileType = wrapper.framework; includeInIndex = 0; path = Pods_RuneScapeCombatLevelCalculator.framework; sourceTree = BUILT_PRODUCTS_DIR; };
		852AA5D8321379200C5A1F4C /* Pods-Runescape 3 Tools.debug.xcconfig */ = {isa = PBXFileReference; includeInIndex = 1; lastKnownFileType = text.xcconfig; name = "Pods-Runescape 3 Tools.debug.xcconfig"; path = "Target Support Files/Pods-Runescape 3 Tools/Pods-Runescape 3 Tools.debug.xcconfig"; sourceTree = "<group>"; };
		8C076C4CC828E04C0F65D52B /* Pods-Runescape 3 Tools-Runescape 3 ToolsUITests.release.xcconfig */ = {isa = PBXFileReference; includeInIndex = 1; lastKnownFileType = text.xcconfig; name = "Pods-Runescape 3 Tools-Runescape 3 ToolsUITests.release.xcconfig"; path = "Target Support Files/Pods-Runescape 3 Tools-Runescape 3 ToolsUITests/Pods-Runescape 3 Tools-Runescape 3 ToolsUITests.release.xcconfig"; sourceTree = "<group>"; };
		ACFE09DE45568EB31FAF1A52 /* Pods-RuneScapeCombatLevelCalculator-Runescape 3 ToolsUITests.debug.xcconfig */ = {isa = PBXFileReference; includeInIndex = 1; lastKnownFileType = text.xcconfig; name = "Pods-RuneScapeCombatLevelCalculator-Runescape 3 ToolsUITests.debug.xcconfig"; path = "Target Support Files/Pods-RuneScapeCombatLevelCalculator-Runescape 3 ToolsUITests/Pods-RuneScapeCombatLevelCalculator-Runescape 3 ToolsUITests.debug.xcconfig"; sourceTree = "<group>"; };
		B714FD606473A08FD5D52E68 /* Pods-RuneScapeCombatLevelCalculatorTests.debug.xcconfig */ = {isa = PBXFileReference; includeInIndex = 1; lastKnownFileType = text.xcconfig; name = "Pods-RuneScapeCombatLevelCalculatorTests.debug.xcconfig"; path = "Target Support Files/Pods-RuneScapeCombatLevelCalculatorTests/Pods-RuneScapeCombatLevelCalculatorTests.debug.xcconfig"; sourceTree = "<group>"; };
		B82AE433565205C7527FDACF /* Pods-RuneScapeCombatLevelCalculator-RuneScapeCombatLevelCalculatorUITests.debug.xcconfig */ = {isa = PBXFileReference; includeInIndex = 1; lastKnownFileType = text.xcconfig; name = "Pods-RuneScapeCombatLevelCalculator-RuneScapeCombatLevelCalculatorUITests.debug.xcconfig"; path = "Target Support Files/Pods-RuneScapeCombatLevelCalculator-RuneScapeCombatLevelCalculatorUITests/Pods-RuneScapeCombatLevelCalculator-RuneScapeCombatLevelCalculatorUITests.debug.xcconfig"; sourceTree = "<group>"; };
		B9B59DA582C14BA83DF384D0 /* Pods-RuneScapeCombatLevelCalculator-RuneScapeCombatLevelCalculatorUITests.release.xcconfig */ = {isa = PBXFileReference; includeInIndex = 1; lastKnownFileType = text.xcconfig; name = "Pods-RuneScapeCombatLevelCalculator-RuneScapeCombatLevelCalculatorUITests.release.xcconfig"; path = "Target Support Files/Pods-RuneScapeCombatLevelCalculator-RuneScapeCombatLevelCalculatorUITests/Pods-RuneScapeCombatLevelCalculator-RuneScapeCombatLevelCalculatorUITests.release.xcconfig"; sourceTree = "<group>"; };
		C60855D03D03DB8310747036 /* Pods-Runescape 3 ToolsTests.release.xcconfig */ = {isa = PBXFileReference; includeInIndex = 1; lastKnownFileType = text.xcconfig; name = "Pods-Runescape 3 ToolsTests.release.xcconfig"; path = "Target Support Files/Pods-Runescape 3 ToolsTests/Pods-Runescape 3 ToolsTests.release.xcconfig"; sourceTree = "<group>"; };
		D1EB62ECCEEA51D913D79571 /* Pods-RuneScapeCombatLevelCalculator.release.xcconfig */ = {isa = PBXFileReference; includeInIndex = 1; lastKnownFileType = text.xcconfig; name = "Pods-RuneScapeCombatLevelCalculator.release.xcconfig"; path = "Target Support Files/Pods-RuneScapeCombatLevelCalculator/Pods-RuneScapeCombatLevelCalculator.release.xcconfig"; sourceTree = "<group>"; };
		E688D9C69C0471C211CA8B32 /* Pods_RuneScapeCombatLevelCalculator_RuneScapeCombatLevelCalculatorUITests.framework */ = {isa = PBXFileReference; explicitFileType = wrapper.framework; includeInIndex = 0; path = Pods_RuneScapeCombatLevelCalculator_RuneScapeCombatLevelCalculatorUITests.framework; sourceTree = BUILT_PRODUCTS_DIR; };
/* End PBXFileReference section */

/* Begin PBXFrameworksBuildPhase section */
		6EACC2A424A442B8003AE1DA /* Frameworks */ = {
			isa = PBXFrameworksBuildPhase;
			buildActionMask = 2147483647;
			files = (
				469B3B27C906E58386E9A32F /* Pods_RuneScapeCombatLevelCalculator.framework in Frameworks */,
			);
			runOnlyForDeploymentPostprocessing = 0;
		};
		6EACC2BA24A442BA003AE1DA /* Frameworks */ = {
			isa = PBXFrameworksBuildPhase;
			buildActionMask = 2147483647;
			files = (
				CDEF1C0238E74DCA0229A5A8 /* Pods_RuneScapeCombatLevelCalculatorTests.framework in Frameworks */,
			);
			runOnlyForDeploymentPostprocessing = 0;
		};
		6EACC2C524A442BA003AE1DA /* Frameworks */ = {
			isa = PBXFrameworksBuildPhase;
			buildActionMask = 2147483647;
			files = (
				4912D909F341518DC96B08E2 /* Pods_RuneScapeCombatLevelCalculator_RuneScapeCombatLevelCalculatorUITests.framework in Frameworks */,
			);
			runOnlyForDeploymentPostprocessing = 0;
		};
/* End PBXFrameworksBuildPhase section */

/* Begin PBXGroup section */
		64D255D66658C7287AF1674A /* Frameworks */ = {
			isa = PBXGroup;
			children = (
				7C982D57F1D0BD67720FDBA3 /* Pods_RuneScapeCombatLevelCalculator.framework */,
				E688D9C69C0471C211CA8B32 /* Pods_RuneScapeCombatLevelCalculator_RuneScapeCombatLevelCalculatorUITests.framework */,
				2080FF7CE813310C96C3F9A2 /* Pods_RuneScapeCombatLevelCalculatorTests.framework */,
			);
			name = Frameworks;
			sourceTree = "<group>";
		};
		6EACC29E24A442B8003AE1DA = {
			isa = PBXGroup;
			children = (
				6EACC2A924A442B8003AE1DA /* RuneScapeCombatLevelCalculator */,
				6EACC2C024A442BA003AE1DA /* RuneScapeCombatLevelCalculatorTests */,
				6EACC2CB24A442BA003AE1DA /* RuneScapeCombatLevelCalculatorUITests */,
				6EACC2A824A442B8003AE1DA /* Products */,
				D851FDAD3FB7C021B278555D /* Pods */,
				64D255D66658C7287AF1674A /* Frameworks */,
			);
			sourceTree = "<group>";
		};
		6EACC2A824A442B8003AE1DA /* Products */ = {
			isa = PBXGroup;
			children = (
				6EACC2A724A442B8003AE1DA /* RuneScapeCombatLevelCalculator.app */,
				6EACC2BD24A442BA003AE1DA /* RuneScapeCombatLevelCalculatorTests.xctest */,
				6EACC2C824A442BA003AE1DA /* RuneScapeCombatLevelCalculatorUITests.xctest */,
			);
			name = Products;
			sourceTree = "<group>";
		};
		6EACC2A924A442B8003AE1DA /* RuneScapeCombatLevelCalculator */ = {
			isa = PBXGroup;
			children = (
				6EACC2AA24A442B8003AE1DA /* AppDelegate.swift */,
				6EACC2AC24A442B8003AE1DA /* SceneDelegate.swift */,
				6EACC2AE24A442B8003AE1DA /* RSCombatLevelCalculatorViewController.swift */,
				6EACC2B024A442B8003AE1DA /* Main.storyboard */,
				6EACC2B324A442BA003AE1DA /* Assets.xcassets */,
				6EACC2B524A442BA003AE1DA /* LaunchScreen.storyboard */,
				6EACC2B824A442BA003AE1DA /* Info.plist */,
				6EB306A224FF4B7F00B7BDE0 /* UIColor+Hex.swift */,
			);
			path = RuneScapeCombatLevelCalculator;
			sourceTree = "<group>";
		};
		6EACC2C024A442BA003AE1DA /* RuneScapeCombatLevelCalculatorTests */ = {
			isa = PBXGroup;
			children = (
				6EACC2C124A442BA003AE1DA /* RuneScapeCombatLevelCalculatorTests.swift */,
				6EACC2C324A442BA003AE1DA /* Info.plist */,
			);
			path = RuneScapeCombatLevelCalculatorTests;
			sourceTree = "<group>";
		};
		6EACC2CB24A442BA003AE1DA /* RuneScapeCombatLevelCalculatorUITests */ = {
			isa = PBXGroup;
			children = (
				6EACC2CC24A442BA003AE1DA /* RuneScapeCombatLevelCalculatorUITests.swift */,
				6EACC2CE24A442BA003AE1DA /* Info.plist */,
			);
			path = RuneScapeCombatLevelCalculatorUITests;
			sourceTree = "<group>";
		};
		D851FDAD3FB7C021B278555D /* Pods */ = {
			isa = PBXGroup;
			children = (
				852AA5D8321379200C5A1F4C /* Pods-Runescape 3 Tools.debug.xcconfig */,
				439B3C94817800E27FC92A08 /* Pods-Runescape 3 Tools.release.xcconfig */,
				13564797ED8DB459CD6FBB45 /* Pods-Runescape 3 Tools-Runescape 3 ToolsUITests.debug.xcconfig */,
				8C076C4CC828E04C0F65D52B /* Pods-Runescape 3 Tools-Runescape 3 ToolsUITests.release.xcconfig */,
				2F519D803A58C8A0743C152B /* Pods-Runescape 3 ToolsTests.debug.xcconfig */,
				C60855D03D03DB8310747036 /* Pods-Runescape 3 ToolsTests.release.xcconfig */,
				023C8961CFC5AF8C4C0198F7 /* Pods-RuneScapeCombatLevelCalculator.debug.xcconfig */,
				D1EB62ECCEEA51D913D79571 /* Pods-RuneScapeCombatLevelCalculator.release.xcconfig */,
				ACFE09DE45568EB31FAF1A52 /* Pods-RuneScapeCombatLevelCalculator-Runescape 3 ToolsUITests.debug.xcconfig */,
				10CE12C3DAF6309B787BD7B1 /* Pods-RuneScapeCombatLevelCalculator-Runescape 3 ToolsUITests.release.xcconfig */,
				B82AE433565205C7527FDACF /* Pods-RuneScapeCombatLevelCalculator-RuneScapeCombatLevelCalculatorUITests.debug.xcconfig */,
				B9B59DA582C14BA83DF384D0 /* Pods-RuneScapeCombatLevelCalculator-RuneScapeCombatLevelCalculatorUITests.release.xcconfig */,
				B714FD606473A08FD5D52E68 /* Pods-RuneScapeCombatLevelCalculatorTests.debug.xcconfig */,
				44C51AB6AC15206F6A8B0DA0 /* Pods-RuneScapeCombatLevelCalculatorTests.release.xcconfig */,
			);
			path = Pods;
			sourceTree = "<group>";
		};
/* End PBXGroup section */

/* Begin PBXNativeTarget section */
		6EACC2A624A442B8003AE1DA /* RuneScapeCombatLevelCalculator */ = {
			isa = PBXNativeTarget;
			buildConfigurationList = 6EACC2D124A442BA003AE1DA /* Build configuration list for PBXNativeTarget "RuneScapeCombatLevelCalculator" */;
			buildPhases = (
				31DF99E16BB2927793B447E8 /* [CP] Check Pods Manifest.lock */,
				6EACC2A324A442B8003AE1DA /* Sources */,
				6EACC2A424A442B8003AE1DA /* Frameworks */,
				6EACC2A524A442B8003AE1DA /* Resources */,
				BD741A6C01FC7C12D808B0EB /* [CP] Embed Pods Frameworks */,
			);
			buildRules = (
			);
			dependencies = (
			);
			name = RuneScapeCombatLevelCalculator;
			productName = "Runescape 3 Tools";
			productReference = 6EACC2A724A442B8003AE1DA /* RuneScapeCombatLevelCalculator.app */;
			productType = "com.apple.product-type.application";
		};
		6EACC2BC24A442BA003AE1DA /* RuneScapeCombatLevelCalculatorTests */ = {
			isa = PBXNativeTarget;
			buildConfigurationList = 6EACC2D424A442BA003AE1DA /* Build configuration list for PBXNativeTarget "RuneScapeCombatLevelCalculatorTests" */;
			buildPhases = (
				544AD21AA6677B7F8B44A9B0 /* [CP] Check Pods Manifest.lock */,
				6EACC2B924A442BA003AE1DA /* Sources */,
				6EACC2BA24A442BA003AE1DA /* Frameworks */,
				6EACC2BB24A442BA003AE1DA /* Resources */,
			);
			buildRules = (
			);
			dependencies = (
				6EACC2BF24A442BA003AE1DA /* PBXTargetDependency */,
			);
			name = RuneScapeCombatLevelCalculatorTests;
			productName = "Runescape 3 ToolsTests";
			productReference = 6EACC2BD24A442BA003AE1DA /* RuneScapeCombatLevelCalculatorTests.xctest */;
			productType = "com.apple.product-type.bundle.unit-test";
		};
		6EACC2C724A442BA003AE1DA /* RuneScapeCombatLevelCalculatorUITests */ = {
			isa = PBXNativeTarget;
			buildConfigurationList = 6EACC2D724A442BA003AE1DA /* Build configuration list for PBXNativeTarget "RuneScapeCombatLevelCalculatorUITests" */;
			buildPhases = (
				38E9E0BDD5594B260139C6BC /* [CP] Check Pods Manifest.lock */,
				6EACC2C424A442BA003AE1DA /* Sources */,
				6EACC2C524A442BA003AE1DA /* Frameworks */,
				6EACC2C624A442BA003AE1DA /* Resources */,
				A94B41365700F57C0C027941 /* [CP] Embed Pods Frameworks */,
			);
			buildRules = (
			);
			dependencies = (
				6EACC2CA24A442BA003AE1DA /* PBXTargetDependency */,
			);
			name = RuneScapeCombatLevelCalculatorUITests;
			productName = "Runescape 3 ToolsUITests";
			productReference = 6EACC2C824A442BA003AE1DA /* RuneScapeCombatLevelCalculatorUITests.xctest */;
			productType = "com.apple.product-type.bundle.ui-testing";
		};
/* End PBXNativeTarget section */

/* Begin PBXProject section */
		6EACC29F24A442B8003AE1DA /* Project object */ = {
			isa = PBXProject;
			attributes = {
				LastSwiftUpdateCheck = 1150;
				LastUpgradeCheck = 1150;
				ORGANIZATIONNAME = "Sophia Li";
				TargetAttributes = {
					6EACC2A624A442B8003AE1DA = {
						CreatedOnToolsVersion = 11.5;
					};
					6EACC2BC24A442BA003AE1DA = {
						CreatedOnToolsVersion = 11.5;
					};
					6EACC2C724A442BA003AE1DA = {
						CreatedOnToolsVersion = 11.5;
						TestTargetID = 6EACC2A624A442B8003AE1DA;
					};
				};
			};
			buildConfigurationList = 6EACC2A224A442B8003AE1DA /* Build configuration list for PBXProject "RuneScapeCombatLevelCalculator" */;
			compatibilityVersion = "Xcode 9.3";
			developmentRegion = en;
			hasScannedForEncodings = 0;
			knownRegions = (
				en,
				Base,
			);
			mainGroup = 6EACC29E24A442B8003AE1DA;
			productRefGroup = 6EACC2A824A442B8003AE1DA /* Products */;
			projectDirPath = "";
			projectRoot = "";
			targets = (
				6EACC2A624A442B8003AE1DA /* RuneScapeCombatLevelCalculator */,
				6EACC2BC24A442BA003AE1DA /* RuneScapeCombatLevelCalculatorTests */,
				6EACC2C724A442BA003AE1DA /* RuneScapeCombatLevelCalculatorUITests */,
			);
		};
/* End PBXProject section */

/* Begin PBXResourcesBuildPhase section */
		6EACC2A524A442B8003AE1DA /* Resources */ = {
			isa = PBXResourcesBuildPhase;
			buildActionMask = 2147483647;
			files = (
				6EACC2B724A442BA003AE1DA /* LaunchScreen.storyboard in Resources */,
				6EACC2B424A442BA003AE1DA /* Assets.xcassets in Resources */,
				6EACC2B224A442B8003AE1DA /* Main.storyboard in Resources */,
			);
			runOnlyForDeploymentPostprocessing = 0;
		};
		6EACC2BB24A442BA003AE1DA /* Resources */ = {
			isa = PBXResourcesBuildPhase;
			buildActionMask = 2147483647;
			files = (
			);
			runOnlyForDeploymentPostprocessing = 0;
		};
		6EACC2C624A442BA003AE1DA /* Resources */ = {
			isa = PBXResourcesBuildPhase;
			buildActionMask = 2147483647;
			files = (
			);
			runOnlyForDeploymentPostprocessing = 0;
		};
/* End PBXResourcesBuildPhase section */

/* Begin PBXShellScriptBuildPhase section */
		31DF99E16BB2927793B447E8 /* [CP] Check Pods Manifest.lock */ = {
			isa = PBXShellScriptBuildPhase;
			buildActionMask = 2147483647;
			files = (
			);
			inputFileListPaths = (
			);
			inputPaths = (
				"${PODS_PODFILE_DIR_PATH}/Podfile.lock",
				"${PODS_ROOT}/Manifest.lock",
			);
			name = "[CP] Check Pods Manifest.lock";
			outputFileListPaths = (
			);
			outputPaths = (
				"$(DERIVED_FILE_DIR)/Pods-RuneScapeCombatLevelCalculator-checkManifestLockResult.txt",
			);
			runOnlyForDeploymentPostprocessing = 0;
			shellPath = /bin/sh;
			shellScript = "diff \"${PODS_PODFILE_DIR_PATH}/Podfile.lock\" \"${PODS_ROOT}/Manifest.lock\" > /dev/null\nif [ $? != 0 ] ; then\n    # print error to STDERR\n    echo \"error: The sandbox is not in sync with the Podfile.lock. Run 'pod install' or update your CocoaPods installation.\" >&2\n    exit 1\nfi\n# This output is used by Xcode 'outputs' to avoid re-running this script phase.\necho \"SUCCESS\" > \"${SCRIPT_OUTPUT_FILE_0}\"\n";
			showEnvVarsInLog = 0;
		};
		38E9E0BDD5594B260139C6BC /* [CP] Check Pods Manifest.lock */ = {
			isa = PBXShellScriptBuildPhase;
			buildActionMask = 2147483647;
			files = (
			);
			inputFileListPaths = (
			);
			inputPaths = (
				"${PODS_PODFILE_DIR_PATH}/Podfile.lock",
				"${PODS_ROOT}/Manifest.lock",
			);
			name = "[CP] Check Pods Manifest.lock";
			outputFileListPaths = (
			);
			outputPaths = (
				"$(DERIVED_FILE_DIR)/Pods-RuneScapeCombatLevelCalculator-RuneScapeCombatLevelCalculatorUITests-checkManifestLockResult.txt",
			);
			runOnlyForDeploymentPostprocessing = 0;
			shellPath = /bin/sh;
			shellScript = "diff \"${PODS_PODFILE_DIR_PATH}/Podfile.lock\" \"${PODS_ROOT}/Manifest.lock\" > /dev/null\nif [ $? != 0 ] ; then\n    # print error to STDERR\n    echo \"error: The sandbox is not in sync with the Podfile.lock. Run 'pod install' or update your CocoaPods installation.\" >&2\n    exit 1\nfi\n# This output is used by Xcode 'outputs' to avoid re-running this script phase.\necho \"SUCCESS\" > \"${SCRIPT_OUTPUT_FILE_0}\"\n";
			showEnvVarsInLog = 0;
		};
		544AD21AA6677B7F8B44A9B0 /* [CP] Check Pods Manifest.lock */ = {
			isa = PBXShellScriptBuildPhase;
			buildActionMask = 2147483647;
			files = (
			);
			inputFileListPaths = (
			);
			inputPaths = (
				"${PODS_PODFILE_DIR_PATH}/Podfile.lock",
				"${PODS_ROOT}/Manifest.lock",
			);
			name = "[CP] Check Pods Manifest.lock";
			outputFileListPaths = (
			);
			outputPaths = (
				"$(DERIVED_FILE_DIR)/Pods-RuneScapeCombatLevelCalculatorTests-checkManifestLockResult.txt",
			);
			runOnlyForDeploymentPostprocessing = 0;
			shellPath = /bin/sh;
			shellScript = "diff \"${PODS_PODFILE_DIR_PATH}/Podfile.lock\" \"${PODS_ROOT}/Manifest.lock\" > /dev/null\nif [ $? != 0 ] ; then\n    # print error to STDERR\n    echo \"error: The sandbox is not in sync with the Podfile.lock. Run 'pod install' or update your CocoaPods installation.\" >&2\n    exit 1\nfi\n# This output is used by Xcode 'outputs' to avoid re-running this script phase.\necho \"SUCCESS\" > \"${SCRIPT_OUTPUT_FILE_0}\"\n";
			showEnvVarsInLog = 0;
		};
		A94B41365700F57C0C027941 /* [CP] Embed Pods Frameworks */ = {
			isa = PBXShellScriptBuildPhase;
			buildActionMask = 2147483647;
			files = (
			);
			inputFileListPaths = (
				"${PODS_ROOT}/Target Support Files/Pods-RuneScapeCombatLevelCalculator-RuneScapeCombatLevelCalculatorUITests/Pods-RuneScapeCombatLevelCalculator-RuneScapeCombatLevelCalculatorUITests-frameworks-${CONFIGURATION}-input-files.xcfilelist",
			);
			name = "[CP] Embed Pods Frameworks";
			outputFileListPaths = (
				"${PODS_ROOT}/Target Support Files/Pods-RuneScapeCombatLevelCalculator-RuneScapeCombatLevelCalculatorUITests/Pods-RuneScapeCombatLevelCalculator-RuneScapeCombatLevelCalculatorUITests-frameworks-${CONFIGURATION}-output-files.xcfilelist",
			);
			runOnlyForDeploymentPostprocessing = 0;
			shellPath = /bin/sh;
			shellScript = "\"${PODS_ROOT}/Target Support Files/Pods-RuneScapeCombatLevelCalculator-RuneScapeCombatLevelCalculatorUITests/Pods-RuneScapeCombatLevelCalculator-RuneScapeCombatLevelCalculatorUITests-frameworks.sh\"\n";
			showEnvVarsInLog = 0;
		};
		BD741A6C01FC7C12D808B0EB /* [CP] Embed Pods Frameworks */ = {
			isa = PBXShellScriptBuildPhase;
			buildActionMask = 2147483647;
			files = (
			);
			inputFileListPaths = (
				"${PODS_ROOT}/Target Support Files/Pods-RuneScapeCombatLevelCalculator/Pods-RuneScapeCombatLevelCalculator-frameworks-${CONFIGURATION}-input-files.xcfilelist",
			);
			name = "[CP] Embed Pods Frameworks";
			outputFileListPaths = (
				"${PODS_ROOT}/Target Support Files/Pods-RuneScapeCombatLevelCalculator/Pods-RuneScapeCombatLevelCalculator-frameworks-${CONFIGURATION}-output-files.xcfilelist",
			);
			runOnlyForDeploymentPostprocessing = 0;
			shellPath = /bin/sh;
			shellScript = "\"${PODS_ROOT}/Target Support Files/Pods-RuneScapeCombatLevelCalculator/Pods-RuneScapeCombatLevelCalculator-frameworks.sh\"\n";
			showEnvVarsInLog = 0;
		};
/* End PBXShellScriptBuildPhase section */

/* Begin PBXSourcesBuildPhase section */
		6EACC2A324A442B8003AE1DA /* Sources */ = {
			isa = PBXSourcesBuildPhase;
			buildActionMask = 2147483647;
			files = (
				6EACC2AF24A442B8003AE1DA /* RSCombatLevelCalculatorViewController.swift in Sources */,
				6EB306A324FF4B7F00B7BDE0 /* UIColor+Hex.swift in Sources */,
				6EACC2AB24A442B8003AE1DA /* AppDelegate.swift in Sources */,
				6EACC2AD24A442B8003AE1DA /* SceneDelegate.swift in Sources */,
			);
			runOnlyForDeploymentPostprocessing = 0;
		};
		6EACC2B924A442BA003AE1DA /* Sources */ = {
			isa = PBXSourcesBuildPhase;
			buildActionMask = 2147483647;
			files = (
				6EACC2C224A442BA003AE1DA /* RuneScapeCombatLevelCalculatorTests.swift in Sources */,
			);
			runOnlyForDeploymentPostprocessing = 0;
		};
		6EACC2C424A442BA003AE1DA /* Sources */ = {
			isa = PBXSourcesBuildPhase;
			buildActionMask = 2147483647;
			files = (
				6EACC2CD24A442BA003AE1DA /* RuneScapeCombatLevelCalculatorUITests.swift in Sources */,
			);
			runOnlyForDeploymentPostprocessing = 0;
		};
/* End PBXSourcesBuildPhase section */

/* Begin PBXTargetDependency section */
		6EACC2BF24A442BA003AE1DA /* PBXTargetDependency */ = {
			isa = PBXTargetDependency;
			target = 6EACC2A624A442B8003AE1DA /* RuneScapeCombatLevelCalculator */;
			targetProxy = 6EACC2BE24A442BA003AE1DA /* PBXContainerItemProxy */;
		};
		6EACC2CA24A442BA003AE1DA /* PBXTargetDependency */ = {
			isa = PBXTargetDependency;
			target = 6EACC2A624A442B8003AE1DA /* RuneScapeCombatLevelCalculator */;
			targetProxy = 6EACC2C924A442BA003AE1DA /* PBXContainerItemProxy */;
		};
/* End PBXTargetDependency section */

/* Begin PBXVariantGroup section */
		6EACC2B024A442B8003AE1DA /* Main.storyboard */ = {
			isa = PBXVariantGroup;
			children = (
				6EACC2B124A442B8003AE1DA /* Base */,
			);
			name = Main.storyboard;
			sourceTree = "<group>";
		};
		6EACC2B524A442BA003AE1DA /* LaunchScreen.storyboard */ = {
			isa = PBXVariantGroup;
			children = (
				6EACC2B624A442BA003AE1DA /* Base */,
			);
			name = LaunchScreen.storyboard;
			sourceTree = "<group>";
		};
/* End PBXVariantGroup section */

/* Begin XCBuildConfiguration section */
		6EACC2CF24A442BA003AE1DA /* Debug */ = {
			isa = XCBuildConfiguration;
			buildSettings = {
				ALWAYS_SEARCH_USER_PATHS = NO;
				CLANG_ANALYZER_NONNULL = YES;
				CLANG_ANALYZER_NUMBER_OBJECT_CONVERSION = YES_AGGRESSIVE;
				CLANG_CXX_LANGUAGE_STANDARD = "gnu++14";
				CLANG_CXX_LIBRARY = "libc++";
				CLANG_ENABLE_MODULES = YES;
				CLANG_ENABLE_OBJC_ARC = YES;
				CLANG_ENABLE_OBJC_WEAK = YES;
				CLANG_WARN_BLOCK_CAPTURE_AUTORELEASING = YES;
				CLANG_WARN_BOOL_CONVERSION = YES;
				CLANG_WARN_COMMA = YES;
				CLANG_WARN_CONSTANT_CONVERSION = YES;
				CLANG_WARN_DEPRECATED_OBJC_IMPLEMENTATIONS = YES;
				CLANG_WARN_DIRECT_OBJC_ISA_USAGE = YES_ERROR;
				CLANG_WARN_DOCUMENTATION_COMMENTS = YES;
				CLANG_WARN_EMPTY_BODY = YES;
				CLANG_WARN_ENUM_CONVERSION = YES;
				CLANG_WARN_INFINITE_RECURSION = YES;
				CLANG_WARN_INT_CONVERSION = YES;
				CLANG_WARN_NON_LITERAL_NULL_CONVERSION = YES;
				CLANG_WARN_OBJC_IMPLICIT_RETAIN_SELF = YES;
				CLANG_WARN_OBJC_LITERAL_CONVERSION = YES;
				CLANG_WARN_OBJC_ROOT_CLASS = YES_ERROR;
				CLANG_WARN_RANGE_LOOP_ANALYSIS = YES;
				CLANG_WARN_STRICT_PROTOTYPES = YES;
				CLANG_WARN_SUSPICIOUS_MOVE = YES;
				CLANG_WARN_UNGUARDED_AVAILABILITY = YES_AGGRESSIVE;
				CLANG_WARN_UNREACHABLE_CODE = YES;
				CLANG_WARN__DUPLICATE_METHOD_MATCH = YES;
				COPY_PHASE_STRIP = NO;
				DEBUG_INFORMATION_FORMAT = dwarf;
				ENABLE_STRICT_OBJC_MSGSEND = YES;
				ENABLE_TESTABILITY = YES;
				GCC_C_LANGUAGE_STANDARD = gnu11;
				GCC_DYNAMIC_NO_PIC = NO;
				GCC_NO_COMMON_BLOCKS = YES;
				GCC_OPTIMIZATION_LEVEL = 0;
				GCC_PREPROCESSOR_DEFINITIONS = (
					"DEBUG=1",
					"$(inherited)",
				);
				GCC_WARN_64_TO_32_BIT_CONVERSION = YES;
				GCC_WARN_ABOUT_RETURN_TYPE = YES_ERROR;
				GCC_WARN_UNDECLARED_SELECTOR = YES;
				GCC_WARN_UNINITIALIZED_AUTOS = YES_AGGRESSIVE;
				GCC_WARN_UNUSED_FUNCTION = YES;
				GCC_WARN_UNUSED_VARIABLE = YES;
				IPHONEOS_DEPLOYMENT_TARGET = 13.5;
				MTL_ENABLE_DEBUG_INFO = INCLUDE_SOURCE;
				MTL_FAST_MATH = YES;
				ONLY_ACTIVE_ARCH = YES;
				SDKROOT = iphoneos;
				SWIFT_ACTIVE_COMPILATION_CONDITIONS = DEBUG;
				SWIFT_OPTIMIZATION_LEVEL = "-Onone";
			};
			name = Debug;
		};
		6EACC2D024A442BA003AE1DA /* Release */ = {
			isa = XCBuildConfiguration;
			buildSettings = {
				ALWAYS_SEARCH_USER_PATHS = NO;
				CLANG_ANALYZER_NONNULL = YES;
				CLANG_ANALYZER_NUMBER_OBJECT_CONVERSION = YES_AGGRESSIVE;
				CLANG_CXX_LANGUAGE_STANDARD = "gnu++14";
				CLANG_CXX_LIBRARY = "libc++";
				CLANG_ENABLE_MODULES = YES;
				CLANG_ENABLE_OBJC_ARC = YES;
				CLANG_ENABLE_OBJC_WEAK = YES;
				CLANG_WARN_BLOCK_CAPTURE_AUTORELEASING = YES;
				CLANG_WARN_BOOL_CONVERSION = YES;
				CLANG_WARN_COMMA = YES;
				CLANG_WARN_CONSTANT_CONVERSION = YES;
				CLANG_WARN_DEPRECATED_OBJC_IMPLEMENTATIONS = YES;
				CLANG_WARN_DIRECT_OBJC_ISA_USAGE = YES_ERROR;
				CLANG_WARN_DOCUMENTATION_COMMENTS = YES;
				CLANG_WARN_EMPTY_BODY = YES;
				CLANG_WARN_ENUM_CONVERSION = YES;
				CLANG_WARN_INFINITE_RECURSION = YES;
				CLANG_WARN_INT_CONVERSION = YES;
				CLANG_WARN_NON_LITERAL_NULL_CONVERSION = YES;
				CLANG_WARN_OBJC_IMPLICIT_RETAIN_SELF = YES;
				CLANG_WARN_OBJC_LITERAL_CONVERSION = YES;
				CLANG_WARN_OBJC_ROOT_CLASS = YES_ERROR;
				CLANG_WARN_RANGE_LOOP_ANALYSIS = YES;
				CLANG_WARN_STRICT_PROTOTYPES = YES;
				CLANG_WARN_SUSPICIOUS_MOVE = YES;
				CLANG_WARN_UNGUARDED_AVAILABILITY = YES_AGGRESSIVE;
				CLANG_WARN_UNREACHABLE_CODE = YES;
				CLANG_WARN__DUPLICATE_METHOD_MATCH = YES;
				COPY_PHASE_STRIP = NO;
				DEBUG_INFORMATION_FORMAT = "dwarf-with-dsym";
				ENABLE_NS_ASSERTIONS = NO;
				ENABLE_STRICT_OBJC_MSGSEND = YES;
				GCC_C_LANGUAGE_STANDARD = gnu11;
				GCC_NO_COMMON_BLOCKS = YES;
				GCC_WARN_64_TO_32_BIT_CONVERSION = YES;
				GCC_WARN_ABOUT_RETURN_TYPE = YES_ERROR;
				GCC_WARN_UNDECLARED_SELECTOR = YES;
				GCC_WARN_UNINITIALIZED_AUTOS = YES_AGGRESSIVE;
				GCC_WARN_UNUSED_FUNCTION = YES;
				GCC_WARN_UNUSED_VARIABLE = YES;
				IPHONEOS_DEPLOYMENT_TARGET = 13.5;
				MTL_ENABLE_DEBUG_INFO = NO;
				MTL_FAST_MATH = YES;
				SDKROOT = iphoneos;
				SWIFT_COMPILATION_MODE = wholemodule;
				SWIFT_OPTIMIZATION_LEVEL = "-O";
				VALIDATE_PRODUCT = YES;
			};
			name = Release;
		};
		6EACC2D224A442BA003AE1DA /* Debug */ = {
			isa = XCBuildConfiguration;
			baseConfigurationReference = 023C8961CFC5AF8C4C0198F7 /* Pods-RuneScapeCombatLevelCalculator.debug.xcconfig */;
			buildSettings = {
				ASSETCATALOG_COMPILER_APPICON_NAME = AppIcon;
				CODE_SIGN_STYLE = Automatic;
				INFOPLIST_FILE = "$(SRCROOT)/RuneScapeCombatLevelCalculator/Info.plist";
				LD_RUNPATH_SEARCH_PATHS = (
					"$(inherited)",
					"@executable_path/Frameworks",
				);
				PRODUCT_BUNDLE_IDENTIFIER = Sophia.RuneScapeCombatLevelCalculator;
				PRODUCT_NAME = RuneScapeCombatLevelCalculator;
				SWIFT_VERSION = 5.0;
				TARGETED_DEVICE_FAMILY = "1,2";
			};
			name = Debug;
		};
		6EACC2D324A442BA003AE1DA /* Release */ = {
			isa = XCBuildConfiguration;
			baseConfigurationReference = D1EB62ECCEEA51D913D79571 /* Pods-RuneScapeCombatLevelCalculator.release.xcconfig */;
			buildSettings = {
				ASSETCATALOG_COMPILER_APPICON_NAME = AppIcon;
				CODE_SIGN_STYLE = Automatic;
				INFOPLIST_FILE = "$(SRCROOT)/RuneScapeCombatLevelCalculator/Info.plist";
				LD_RUNPATH_SEARCH_PATHS = (
					"$(inherited)",
					"@executable_path/Frameworks",
				);
				PRODUCT_BUNDLE_IDENTIFIER = Sophia.RuneScapeCombatLevelCalculator;
				PRODUCT_NAME = RuneScapeCombatLevelCalculator;
				SWIFT_VERSION = 5.0;
				TARGETED_DEVICE_FAMILY = "1,2";
			};
			name = Release;
		};
		6EACC2D524A442BA003AE1DA /* Debug */ = {
			isa = XCBuildConfiguration;
			baseConfigurationReference = B714FD606473A08FD5D52E68 /* Pods-RuneScapeCombatLevelCalculatorTests.debug.xcconfig */;
			buildSettings = {
				ALWAYS_EMBED_SWIFT_STANDARD_LIBRARIES = YES;
				CODE_SIGN_STYLE = Automatic;
				INFOPLIST_FILE = RuneScapeCombatLevelCalculatorTests/Info.plist;
				IPHONEOS_DEPLOYMENT_TARGET = 13.5;
				LD_RUNPATH_SEARCH_PATHS = (
					"$(inherited)",
					"@executable_path/Frameworks",
					"@loader_path/Frameworks",
				);
				PRODUCT_BUNDLE_IDENTIFIER = Sophia.RuneScapeCombatLevelCalculatorTests;
				PRODUCT_NAME = "$(TARGET_NAME)";
				SWIFT_VERSION = 5.0;
				TARGETED_DEVICE_FAMILY = "1,2";
			};
			name = Debug;
		};
		6EACC2D624A442BA003AE1DA /* Release */ = {
			isa = XCBuildConfiguration;
			baseConfigurationReference = 44C51AB6AC15206F6A8B0DA0 /* Pods-RuneScapeCombatLevelCalculatorTests.release.xcconfig */;
			buildSettings = {
				ALWAYS_EMBED_SWIFT_STANDARD_LIBRARIES = YES;
				CODE_SIGN_STYLE = Automatic;
				INFOPLIST_FILE = RuneScapeCombatLevelCalculatorTests/Info.plist;
				IPHONEOS_DEPLOYMENT_TARGET = 13.5;
				LD_RUNPATH_SEARCH_PATHS = (
					"$(inherited)",
					"@executable_path/Frameworks",
					"@loader_path/Frameworks",
				);
				PRODUCT_BUNDLE_IDENTIFIER = Sophia.RuneScapeCombatLevelCalculatorTests;
				PRODUCT_NAME = "$(TARGET_NAME)";
				SWIFT_VERSION = 5.0;
				TARGETED_DEVICE_FAMILY = "1,2";
			};
			name = Release;
		};
		6EACC2D824A442BA003AE1DA /* Debug */ = {
			isa = XCBuildConfiguration;
			baseConfigurationReference = B82AE433565205C7527FDACF /* Pods-RuneScapeCombatLevelCalculator-RuneScapeCombatLevelCalculatorUITests.debug.xcconfig */;
			buildSettings = {
				ALWAYS_EMBED_SWIFT_STANDARD_LIBRARIES = YES;
				CODE_SIGN_STYLE = Automatic;
				INFOPLIST_FILE = RuneScapeCombatLevelCalculatorUITests/Info.plist;
				LD_RUNPATH_SEARCH_PATHS = (
					"$(inherited)",
					"@executable_path/Frameworks",
					"@loader_path/Frameworks",
				);
				PRODUCT_BUNDLE_IDENTIFIER = Sophia.RuneScapeCombatLevelCalculatorUITests;
				PRODUCT_NAME = "$(TARGET_NAME)";
				SWIFT_VERSION = 5.0;
				TARGETED_DEVICE_FAMILY = "1,2";
				TEST_TARGET_NAME = RuneScapeCombatLevelCalculator;
			};
			name = Debug;
		};
		6EACC2D924A442BA003AE1DA /* Release */ = {
			isa = XCBuildConfiguration;
			baseConfigurationReference = B9B59DA582C14BA83DF384D0 /* Pods-RuneScapeCombatLevelCalculator-RuneScapeCombatLevelCalculatorUITests.release.xcconfig */;
			buildSettings = {
				ALWAYS_EMBED_SWIFT_STANDARD_LIBRARIES = YES;
				CODE_SIGN_STYLE = Automatic;
				INFOPLIST_FILE = RuneScapeCombatLevelCalculatorUITests/Info.plist;
				LD_RUNPATH_SEARCH_PATHS = (
					"$(inherited)",
					"@executable_path/Frameworks",
					"@loader_path/Frameworks",
				);
				PRODUCT_BUNDLE_IDENTIFIER = Sophia.RuneScapeCombatLevelCalculatorUITests;
				PRODUCT_NAME = "$(TARGET_NAME)";
				SWIFT_VERSION = 5.0;
				TARGETED_DEVICE_FAMILY = "1,2";
				TEST_TARGET_NAME = RuneScapeCombatLevelCalculator;
			};
			name = Release;
		};
/* End XCBuildConfiguration section */

/* Begin XCConfigurationList section */
		6EACC2A224A442B8003AE1DA /* Build configuration list for PBXProject "RuneScapeCombatLevelCalculator" */ = {
			isa = XCConfigurationList;
			buildConfigurations = (
				6EACC2CF24A442BA003AE1DA /* Debug */,
				6EACC2D024A442BA003AE1DA /* Release */,
			);
			defaultConfigurationIsVisible = 0;
			defaultConfigurationName = Release;
		};
		6EACC2D124A442BA003AE1DA /* Build configuration list for PBXNativeTarget "RuneScapeCombatLevelCalculator" */ = {
			isa = XCConfigurationList;
			buildConfigurations = (
				6EACC2D224A442BA003AE1DA /* Debug */,
				6EACC2D324A442BA003AE1DA /* Release */,
			);
			defaultConfigurationIsVisible = 0;
			defaultConfigurationName = Release;
		};
		6EACC2D424A442BA003AE1DA /* Build configuration list for PBXNativeTarget "RuneScapeCombatLevelCalculatorTests" */ = {
			isa = XCConfigurationList;
			buildConfigurations = (
				6EACC2D524A442BA003AE1DA /* Debug */,
				6EACC2D624A442BA003AE1DA /* Release */,
			);
			defaultConfigurationIsVisible = 0;
			defaultConfigurationName = Release;
		};
		6EACC2D724A442BA003AE1DA /* Build configuration list for PBXNativeTarget "RuneScapeCombatLevelCalculatorUITests" */ = {
			isa = XCConfigurationList;
			buildConfigurations = (
				6EACC2D824A442BA003AE1DA /* Debug */,
				6EACC2D924A442BA003AE1DA /* Release */,
			);
			defaultConfigurationIsVisible = 0;
			defaultConfigurationName = Release;
		};
/* End XCConfigurationList section */
	};
	rootObject = 6EACC29F24A442B8003AE1DA /* Project object */;
}
